
Microsoft Visual Studio Solution File, Format Version 12.00
# Visual Studio Version 16
VisualStudioVersion = 16.0.30517.126
MinimumVisualStudioVersion = 10.0.40219.1
Project("{FAE04EC0-301F-11D3-BF4B-00C04F79EFBC}") = "ServerConfigMtk-P2-20180140098", "ServerConfigMtk-P2-20180140098\ServerConfigMtk-P2-20180140098.csproj", "{D4F05D2F-3409-42AA-8D48-EBD25E401E56}"
EndProject
Global
	GlobalSection(SolutionConfigurationPlatforms) = preSolution
		Debug|Any CPU = Debug|Any CPU
		Release|Any CPU = Release|Any CPU
	EndGlobalSection
	GlobalSection(ProjectConfigurationPlatforms) = postSolution
		{D4F05D2F-3409-42AA-8D48-EBD25E401E56}.Debug|Any CPU.ActiveCfg = Debug|Any CPU
		{D4F05D2F-3409-42AA-8D48-EBD25E401E56}.Debug|Any CPU.Build.0 = Debug|Any CPU
		{D4F05D2F-3409-42AA-8D48-EBD25E401E56}.Release|Any CPU.ActiveCfg = Release|Any CPU
		{D4F05D2F-3409-42AA-8D48-EBD25E401E56}.Release|Any CPU.Build.0 = Release|Any CPU
	EndGlobalSection
	GlobalSection(SolutionProperties) = preSolution
		HideSolutionNode = FALSE
	EndGlobalSection
	GlobalSection(ExtensibilityGlobals) = postSolution
		SolutionGuid = {D57C8965-0F59-44C3-8295-A65B6568C14D}
	EndGlobalSection
EndGlobal
